
Microsoft Visual Studio Solution File, Format Version 12.00
# Visual Studio Version 17
VisualStudioVersion = 17.8.34511.84
MinimumVisualStudioVersion = 10.0.40219.1
Project("{FAE04EC0-301F-11D3-BF4B-00C04F79EFBC}") = "RomanToIntegar", "RomanToIntegar.csproj", "{511ADA02-3F0A-4B96-9E23-F4A97EE349D3}"
EndProject
Global
	GlobalSection(SolutionConfigurationPlatforms) = preSolution
		Debug|Any CPU = Debug|Any CPU
		Release|Any CPU = Release|Any CPU
	EndGlobalSection
	GlobalSection(ProjectConfigurationPlatforms) = postSolution
		{511ADA02-3F0A-4B96-9E23-F4A97EE349D3}.Debug|Any CPU.ActiveCfg = Debug|Any CPU
		{511ADA02-3F0A-4B96-9E23-F4A97EE349D3}.Debug|Any CPU.Build.0 = Debug|Any CPU
		{511ADA02-3F0A-4B96-9E23-F4A97EE349D3}.Release|Any CPU.ActiveCfg = Release|Any CPU
		{511ADA02-3F0A-4B96-9E23-F4A97EE349D3}.Release|Any CPU.Build.0 = Release|Any CPU
	EndGlobalSection
	GlobalSection(SolutionProperties) = preSolution
		HideSolutionNode = FALSE
	EndGlobalSection
	GlobalSection(ExtensibilityGlobals) = postSolution
		SolutionGuid = {A4935F1D-B1CF-4E3D-A4CA-9203E4AA5B13}
	EndGlobalSection
EndGlobal
